// !$*UTF8*$!
{
	archiveVersion = 1;
	classes = {
	};
	objectVersion = 46;
	objects = {

/* Begin PBXBuildFile section */
		8C9363C814D47A81004862E0 /* UIKit.framework in Frameworks */ = {isa = PBXBuildFile; fileRef = 8C9363C714D47A81004862E0 /* UIKit.framework */; };
		8C9363CA14D47A81004862E0 /* Foundation.framework in Frameworks */ = {isa = PBXBuildFile; fileRef = 8C9363C914D47A81004862E0 /* Foundation.framework */; };
		8C9363CC14D47A81004862E0 /* CoreGraphics.framework in Frameworks */ = {isa = PBXBuildFile; fileRef = 8C9363CB14D47A81004862E0 /* CoreGraphics.framework */; };
		8C9363D214D47A81004862E0 /* InfoPlist.strings in Resources */ = {isa = PBXBuildFile; fileRef = 8C9363D014D47A81004862E0 /* InfoPlist.strings */; };
		8C9363D414D47A81004862E0 /* main.m in Sources */ = {isa = PBXBuildFile; fileRef = 8C9363D314D47A81004862E0 /* main.m */; };
		8C9363D814D47A81004862E0 /* TiltInvestorAppDelegate.m in Sources */ = {isa = PBXBuildFile; fileRef = 8C9363D714D47A81004862E0 /* TiltInvestorAppDelegate.m */; };
		8C9363DB14D47A81004862E0 /* MainStoryboard_iPhone.storyboard in Resources */ = {isa = PBXBuildFile; fileRef = 8C9363D914D47A81004862E0 /* MainStoryboard_iPhone.storyboard */; };
		8C9363DE14D47A81004862E0 /* MainStoryboard_iPad.storyboard in Resources */ = {isa = PBXBuildFile; fileRef = 8C9363DC14D47A81004862E0 /* MainStoryboard_iPad.storyboard */; };
		8C9363E114D47A81004862E0 /* TiltInvestorViewController.m in Sources */ = {isa = PBXBuildFile; fileRef = 8C9363E014D47A81004862E0 /* TiltInvestorViewController.m */; };
		8C9363EF14D4868E004862E0 /* TIInvestmentViewController.m in Sources */ = {isa = PBXBuildFile; fileRef = 8C9363EE14D4868E004862E0 /* TIInvestmentViewController.m */; };
		8C9363F214D48C29004862E0 /* TIInvestmentTeam.m in Sources */ = {isa = PBXBuildFile; fileRef = 8C9363F114D48C29004862E0 /* TIInvestmentTeam.m */; };
/* End PBXBuildFile section */

/* Begin PBXFileReference section */
		8C9363C314D47A81004862E0 /* tilt-ios.app */ = {isa = PBXFileReference; explicitFileType = wrapper.application; includeInIndex = 0; path = "tilt-ios.app"; sourceTree = BUILT_PRODUCTS_DIR; };
		8C9363C714D47A81004862E0 /* UIKit.framework */ = {isa = PBXFileReference; lastKnownFileType = wrapper.framework; name = UIKit.framework; path = System/Library/Frameworks/UIKit.framework; sourceTree = SDKROOT; };
		8C9363C914D47A81004862E0 /* Foundation.framework */ = {isa = PBXFileReference; lastKnownFileType = wrapper.framework; name = Foundation.framework; path = System/Library/Frameworks/Foundation.framework; sourceTree = SDKROOT; };
		8C9363CB14D47A81004862E0 /* CoreGraphics.framework */ = {isa = PBXFileReference; lastKnownFileType = wrapper.framework; name = CoreGraphics.framework; path = System/Library/Frameworks/CoreGraphics.framework; sourceTree = SDKROOT; };
		8C9363CF14D47A81004862E0 /* tilt-ios-Info.plist */ = {isa = PBXFileReference; lastKnownFileType = text.plist.xml; path = "tilt-ios-Info.plist"; sourceTree = "<group>"; };
		8C9363D114D47A81004862E0 /* en */ = {isa = PBXFileReference; lastKnownFileType = text.plist.strings; name = en; path = en.lproj/InfoPlist.strings; sourceTree = "<group>"; };
		8C9363D314D47A81004862E0 /* main.m */ = {isa = PBXFileReference; lastKnownFileType = sourcecode.c.objc; path = main.m; sourceTree = "<group>"; };
		8C9363D514D47A81004862E0 /* tilt-ios-Prefix.pch */ = {isa = PBXFileReference; lastKnownFileType = sourcecode.c.h; path = "tilt-ios-Prefix.pch"; sourceTree = "<group>"; };
		8C9363D614D47A81004862E0 /* TiltInvestorAppDelegate.h */ = {isa = PBXFileReference; lastKnownFileType = sourcecode.c.h; path = TiltInvestorAppDelegate.h; sourceTree = "<group>"; };
		8C9363D714D47A81004862E0 /* TiltInvestorAppDelegate.m */ = {isa = PBXFileReference; lastKnownFileType = sourcecode.c.objc; path = TiltInvestorAppDelegate.m; sourceTree = "<group>"; };
		8C9363DA14D47A81004862E0 /* en */ = {isa = PBXFileReference; lastKnownFileType = file.storyboard; name = en; path = en.lproj/MainStoryboard_iPhone.storyboard; sourceTree = "<group>"; };
		8C9363DD14D47A81004862E0 /* en */ = {isa = PBXFileReference; lastKnownFileType = file.storyboard; name = en; path = en.lproj/MainStoryboard_iPad.storyboard; sourceTree = "<group>"; };
		8C9363DF14D47A81004862E0 /* TiltInvestorViewController.h */ = {isa = PBXFileReference; lastKnownFileType = sourcecode.c.h; path = TiltInvestorViewController.h; sourceTree = "<group>"; };
		8C9363E014D47A81004862E0 /* TiltInvestorViewController.m */ = {isa = PBXFileReference; lastKnownFileType = sourcecode.c.objc; path = TiltInvestorViewController.m; sourceTree = "<group>"; };
		8C9363ED14D4868E004862E0 /* TIInvestmentViewController.h */ = {isa = PBXFileReference; fileEncoding = 4; lastKnownFileType = sourcecode.c.h; path = TIInvestmentViewController.h; sourceTree = "<group>"; };
		8C9363EE14D4868E004862E0 /* TIInvestmentViewController.m */ = {isa = PBXFileReference; fileEncoding = 4; lastKnownFileType = sourcecode.c.objc; path = TIInvestmentViewController.m; sourceTree = "<group>"; };
		8C9363F014D48C29004862E0 /* TIInvestmentTeam.h */ = {isa = PBXFileReference; fileEncoding = 4; lastKnownFileType = sourcecode.c.h; path = TIInvestmentTeam.h; sourceTree = "<group>"; };
		8C9363F114D48C29004862E0 /* TIInvestmentTeam.m */ = {isa = PBXFileReference; fileEncoding = 4; lastKnownFileType = sourcecode.c.objc; path = TIInvestmentTeam.m; sourceTree = "<group>"; };
/* End PBXFileReference section */

/* Begin PBXFrameworksBuildPhase section */
		8C9363C014D47A81004862E0 /* Frameworks */ = {
			isa = PBXFrameworksBuildPhase;
			buildActionMask = 2147483647;
			files = (
				8C9363C814D47A81004862E0 /* UIKit.framework in Frameworks */,
				8C9363CA14D47A81004862E0 /* Foundation.framework in Frameworks */,
				8C9363CC14D47A81004862E0 /* CoreGraphics.framework in Frameworks */,
			);
			runOnlyForDeploymentPostprocessing = 0;
		};
/* End PBXFrameworksBuildPhase section */

/* Begin PBXGroup section */
		8C9363B814D47A81004862E0 = {
			isa = PBXGroup;
			children = (
				8C9363CD14D47A81004862E0 /* tilt-ios */,
				8C9363C614D47A81004862E0 /* Frameworks */,
				8C9363C414D47A81004862E0 /* Products */,
			);
			sourceTree = "<group>";
		};
		8C9363C414D47A81004862E0 /* Products */ = {
			isa = PBXGroup;
			children = (
				8C9363C314D47A81004862E0 /* tilt-ios.app */,
			);
			name = Products;
			sourceTree = "<group>";
		};
		8C9363C614D47A81004862E0 /* Frameworks */ = {
			isa = PBXGroup;
			children = (
				8C9363C714D47A81004862E0 /* UIKit.framework */,
				8C9363C914D47A81004862E0 /* Foundation.framework */,
				8C9363CB14D47A81004862E0 /* CoreGraphics.framework */,
			);
			name = Frameworks;
			sourceTree = "<group>";
		};
		8C9363CD14D47A81004862E0 /* tilt-ios */ = {
			isa = PBXGroup;
			children = (
				8C9363D614D47A81004862E0 /* TiltInvestorAppDelegate.h */,
				8C9363D714D47A81004862E0 /* TiltInvestorAppDelegate.m */,
				8C9363D914D47A81004862E0 /* MainStoryboard_iPhone.storyboard */,
				8C9363DC14D47A81004862E0 /* MainStoryboard_iPad.storyboard */,
				8C9363DF14D47A81004862E0 /* TiltInvestorViewController.h */,
				8C9363E014D47A81004862E0 /* TiltInvestorViewController.m */,
				8C9363CE14D47A81004862E0 /* Supporting Files */,
				8C9363ED14D4868E004862E0 /* TIInvestmentViewController.h */,
				8C9363EE14D4868E004862E0 /* TIInvestmentViewController.m */,
				8C9363F014D48C29004862E0 /* TIInvestmentTeam.h */,
				8C9363F114D48C29004862E0 /* TIInvestmentTeam.m */,
			);
			path = "tilt-ios";
			sourceTree = "<group>";
		};
		8C9363CE14D47A81004862E0 /* Supporting Files */ = {
			isa = PBXGroup;
			children = (
				8C9363CF14D47A81004862E0 /* tilt-ios-Info.plist */,
				8C9363D014D47A81004862E0 /* InfoPlist.strings */,
				8C9363D314D47A81004862E0 /* main.m */,
				8C9363D514D47A81004862E0 /* tilt-ios-Prefix.pch */,
			);
			name = "Supporting Files";
			sourceTree = "<group>";
		};
/* End PBXGroup section */

/* Begin PBXNativeTarget section */
		8C9363C214D47A81004862E0 /* tilt-ios */ = {
			isa = PBXNativeTarget;
			buildConfigurationList = 8C9363E414D47A81004862E0 /* Build configuration list for PBXNativeTarget "tilt-ios" */;
			buildPhases = (
				8C9363BF14D47A81004862E0 /* Sources */,
				8C9363C014D47A81004862E0 /* Frameworks */,
				8C9363C114D47A81004862E0 /* Resources */,
			);
			buildRules = (
			);
			dependencies = (
			);
			name = "tilt-ios";
			productName = "tilt-ios";
			productReference = 8C9363C314D47A81004862E0 /* tilt-ios.app */;
			productType = "com.apple.product-type.application";
		};
/* End PBXNativeTarget section */

/* Begin PBXProject section */
		8C9363BA14D47A81004862E0 /* Project object */ = {
			isa = PBXProject;
			attributes = {
				LastUpgradeCheck = 0420;
				ORGANIZATIONNAME = Neosavvy;
			};
			buildConfigurationList = 8C9363BD14D47A81004862E0 /* Build configuration list for PBXProject "tilt-ios" */;
			compatibilityVersion = "Xcode 3.2";
			developmentRegion = English;
			hasScannedForEncodings = 0;
			knownRegions = (
				en,
			);
			mainGroup = 8C9363B814D47A81004862E0;
			productRefGroup = 8C9363C414D47A81004862E0 /* Products */;
			projectDirPath = "";
			projectRoot = "";
			targets = (
				8C9363C214D47A81004862E0 /* tilt-ios */,
			);
		};
/* End PBXProject section */

/* Begin PBXResourcesBuildPhase section */
		8C9363C114D47A81004862E0 /* Resources */ = {
			isa = PBXResourcesBuildPhase;
			buildActionMask = 2147483647;
			files = (
				8C9363D214D47A81004862E0 /* InfoPlist.strings in Resources */,
				8C9363DB14D47A81004862E0 /* MainStoryboard_iPhone.storyboard in Resources */,
				8C9363DE14D47A81004862E0 /* MainStoryboard_iPad.storyboard in Resources */,
			);
			runOnlyForDeploymentPostprocessing = 0;
		};
/* End PBXResourcesBuildPhase section */

/* Begin PBXSourcesBuildPhase section */
		8C9363BF14D47A81004862E0 /* Sources */ = {
			isa = PBXSourcesBuildPhase;
			buildActionMask = 2147483647;
			files = (
				8C9363D414D47A81004862E0 /* main.m in Sources */,
				8C9363D814D47A81004862E0 /* TiltInvestorAppDelegate.m in Sources */,
				8C9363E114D47A81004862E0 /* TiltInvestorViewController.m in Sources */,
				8C9363EF14D4868E004862E0 /* TIInvestmentViewController.m in Sources */,
				8C9363F214D48C29004862E0 /* TIInvestmentTeam.m in Sources */,
			);
			runOnlyForDeploymentPostprocessing = 0;
		};
/* End PBXSourcesBuildPhase section */

/* Begin PBXVariantGroup section */
		8C9363D014D47A81004862E0 /* InfoPlist.strings */ = {
			isa = PBXVariantGroup;
			children = (
				8C9363D114D47A81004862E0 /* en */,
			);
			name = InfoPlist.strings;
			sourceTree = "<group>";
		};
		8C9363D914D47A81004862E0 /* MainStoryboard_iPhone.storyboard */ = {
			isa = PBXVariantGroup;
			children = (
				8C9363DA14D47A81004862E0 /* en */,
			);
			name = MainStoryboard_iPhone.storyboard;
			sourceTree = "<group>";
		};
		8C9363DC14D47A81004862E0 /* MainStoryboard_iPad.storyboard */ = {
			isa = PBXVariantGroup;
			children = (
				8C9363DD14D47A81004862E0 /* en */,
			);
			name = MainStoryboard_iPad.storyboard;
			sourceTree = "<group>";
		};
/* End PBXVariantGroup section */

/* Begin XCBuildConfiguration section */
		8C9363E214D47A81004862E0 /* Debug */ = {
			isa = XCBuildConfiguration;
			buildSettings = {
				ALWAYS_SEARCH_USER_PATHS = NO;
				ARCHS = "$(ARCHS_STANDARD_32_BIT)";
				CLANG_ENABLE_OBJC_ARC = YES;
				"CODE_SIGN_IDENTITY[sdk=iphoneos*]" = "iPhone Developer";
				COPY_PHASE_STRIP = NO;
				GCC_C_LANGUAGE_STANDARD = gnu99;
				GCC_DYNAMIC_NO_PIC = NO;
				GCC_OPTIMIZATION_LEVEL = 0;
				GCC_PREPROCESSOR_DEFINITIONS = (
					"DEBUG=1",
					"$(inherited)",
				);
				GCC_SYMBOLS_PRIVATE_EXTERN = NO;
				GCC_VERSION = com.apple.compilers.llvm.clang.1_0;
				GCC_WARN_ABOUT_MISSING_PROTOTYPES = YES;
				GCC_WARN_ABOUT_RETURN_TYPE = YES;
				GCC_WARN_UNUSED_VARIABLE = YES;
				IPHONEOS_DEPLOYMENT_TARGET = 5.0;
				SDKROOT = iphoneos;
				TARGETED_DEVICE_FAMILY = "1,2";
			};
			name = Debug;
		};
		8C9363E314D47A81004862E0 /* Release */ = {
			isa = XCBuildConfiguration;
			buildSettings = {
				ALWAYS_SEARCH_USER_PATHS = NO;
				ARCHS = "$(ARCHS_STANDARD_32_BIT)";
				CLANG_ENABLE_OBJC_ARC = YES;
				"CODE_SIGN_IDENTITY[sdk=iphoneos*]" = "iPhone Developer";
				COPY_PHASE_STRIP = YES;
				GCC_C_LANGUAGE_STANDARD = gnu99;
				GCC_VERSION = com.apple.compilers.llvm.clang.1_0;
				GCC_WARN_ABOUT_MISSING_PROTOTYPES = YES;
				GCC_WARN_ABOUT_RETURN_TYPE = YES;
				GCC_WARN_UNUSED_VARIABLE = YES;
				IPHONEOS_DEPLOYMENT_TARGET = 5.0;
				OTHER_CFLAGS = "-DNS_BLOCK_ASSERTIONS=1";
				SDKROOT = iphoneos;
				TARGETED_DEVICE_FAMILY = "1,2";
				VALIDATE_PRODUCT = YES;
			};
			name = Release;
		};
		8C9363E514D47A81004862E0 /* Debug */ = {
			isa = XCBuildConfiguration;
			buildSettings = {
				GCC_PRECOMPILE_PREFIX_HEADER = YES;
				GCC_PREFIX_HEADER = "tilt-ios/tilt-ios-Prefix.pch";
				INFOPLIST_FILE = "tilt-ios/tilt-ios-Info.plist";
				PRODUCT_NAME = "$(TARGET_NAME)";
				WRAPPER_EXTENSION = app;
			};
			name = Debug;
		};
		8C9363E614D47A81004862E0 /* Release */ = {
			isa = XCBuildConfiguration;
			buildSettings = {
				GCC_PRECOMPILE_PREFIX_HEADER = YES;
				GCC_PREFIX_HEADER = "tilt-ios/tilt-ios-Prefix.pch";
				INFOPLIST_FILE = "tilt-ios/tilt-ios-Info.plist";
				PRODUCT_NAME = "$(TARGET_NAME)";
				WRAPPER_EXTENSION = app;
			};
			name = Release;
		};
/* End XCBuildConfiguration section */

/* Begin XCConfigurationList section */
		8C9363BD14D47A81004862E0 /* Build configuration list for PBXProject "tilt-ios" */ = {
			isa = XCConfigurationList;
			buildConfigurations = (
				8C9363E214D47A81004862E0 /* Debug */,
				8C9363E314D47A81004862E0 /* Release */,
			);
			defaultConfigurationIsVisible = 0;
			defaultConfigurationName = Release;
		};
		8C9363E414D47A81004862E0 /* Build configuration list for PBXNativeTarget "tilt-ios" */ = {
			isa = XCConfigurationList;
			buildConfigurations = (
				8C9363E514D47A81004862E0 /* Debug */,
				8C9363E614D47A81004862E0 /* Release */,
			);
			defaultConfigurationIsVisible = 0;
		};
/* End XCConfigurationList section */
	};
	rootObject = 8C9363BA14D47A81004862E0 /* Project object */;
}
