// !$*UTF8*$!
{
	archiveVersion = 1;
	classes = {
	};
	objectVersion = 46;
	objects = {

/* Begin PBXBuildFile section */
		8C0BD6BF14DC91F8007BE30D /* TiltUser.m in Sources */ = {isa = PBXBuildFile; fileRef = 8C0BD6BE14DC91F8007BE30D /* TiltUser.m */; };
		8C11279E14E36843008BAC1C /* TiltTeamInvestment.m in Sources */ = {isa = PBXBuildFile; fileRef = 8C11279D14E36843008BAC1C /* TiltTeamInvestment.m */; };
		8C852D4614E32EA200A0CDC9 /* TiltInvestmentService.m in Sources */ = {isa = PBXBuildFile; fileRef = 8C852D4514E32EA200A0CDC9 /* TiltInvestmentService.m */; };
		8C9363C814D47A81004862E0 /* UIKit.framework in Frameworks */ = {isa = PBXBuildFile; fileRef = 8C9363C714D47A81004862E0 /* UIKit.framework */; };
		8C9363CA14D47A81004862E0 /* Foundation.framework in Frameworks */ = {isa = PBXBuildFile; fileRef = 8C9363C914D47A81004862E0 /* Foundation.framework */; };
		8C9363CC14D47A81004862E0 /* CoreGraphics.framework in Frameworks */ = {isa = PBXBuildFile; fileRef = 8C9363CB14D47A81004862E0 /* CoreGraphics.framework */; };
		8C9363D214D47A81004862E0 /* InfoPlist.strings in Resources */ = {isa = PBXBuildFile; fileRef = 8C9363D014D47A81004862E0 /* InfoPlist.strings */; };
		8C9363D414D47A81004862E0 /* main.m in Sources */ = {isa = PBXBuildFile; fileRef = 8C9363D314D47A81004862E0 /* main.m */; };
		8C9363D814D47A81004862E0 /* TiltInvestorAppDelegate.m in Sources */ = {isa = PBXBuildFile; fileRef = 8C9363D714D47A81004862E0 /* TiltInvestorAppDelegate.m */; };
		8C9363DB14D47A81004862E0 /* MainStoryboard_iPhone.storyboard in Resources */ = {isa = PBXBuildFile; fileRef = 8C9363D914D47A81004862E0 /* MainStoryboard_iPhone.storyboard */; };
		8C9363DE14D47A81004862E0 /* MainStoryboard_iPad.storyboard in Resources */ = {isa = PBXBuildFile; fileRef = 8C9363DC14D47A81004862E0 /* MainStoryboard_iPad.storyboard */; };
		8C9363E114D47A81004862E0 /* TiltLoginViewController.m in Sources */ = {isa = PBXBuildFile; fileRef = 8C9363E014D47A81004862E0 /* TiltLoginViewController.m */; };
		8C9363EF14D4868E004862E0 /* TiltTeamInvestmentsViewController.m in Sources */ = {isa = PBXBuildFile; fileRef = 8C9363EE14D4868E004862E0 /* TiltTeamInvestmentsViewController.m */; };
		8C9363F214D48C29004862E0 /* TIInvestmentTeam.m in Sources */ = {isa = PBXBuildFile; fileRef = 8C9363F114D48C29004862E0 /* TIInvestmentTeam.m */; };
		8C9363FD14D59638004862E0 /* TIInvestmentsFinalizedViewController.m in Sources */ = {isa = PBXBuildFile; fileRef = 8C9363FC14D59638004862E0 /* TIInvestmentsFinalizedViewController.m */; };
		8C93640014D59651004862E0 /* TIInvesmentsFailedViewController.m in Sources */ = {isa = PBXBuildFile; fileRef = 8C9363FF14D59651004862E0 /* TIInvesmentsFailedViewController.m */; };
		8C93642B14D5A694004862E0 /* CFNetwork.framework in Frameworks */ = {isa = PBXBuildFile; fileRef = 8C93642514D5A694004862E0 /* CFNetwork.framework */; };
		8C93642C14D5A694004862E0 /* CoreData.framework in Frameworks */ = {isa = PBXBuildFile; fileRef = 8C93642614D5A694004862E0 /* CoreData.framework */; };
		8C93642D14D5A694004862E0 /* libxml2.dylib in Frameworks */ = {isa = PBXBuildFile; fileRef = 8C93642714D5A694004862E0 /* libxml2.dylib */; };
		8C93642E14D5A694004862E0 /* MobileCoreServices.framework in Frameworks */ = {isa = PBXBuildFile; fileRef = 8C93642814D5A694004862E0 /* MobileCoreServices.framework */; };
		8C93643014D5A694004862E0 /* SystemConfiguration.framework in Frameworks */ = {isa = PBXBuildFile; fileRef = 8C93642A14D5A694004862E0 /* SystemConfiguration.framework */; };
		8CE5BB8C14DDDDE900013A9A /* TiltInvestment.m in Sources */ = {isa = PBXBuildFile; fileRef = 8CE5BB8B14DDDDE900013A9A /* TiltInvestment.m */; };
		8CF4A94F14E6377000A4098D /* TiltRound.m in Sources */ = {isa = PBXBuildFile; fileRef = 8CF4A94E14E6377000A4098D /* TiltRound.m */; };
		8CF4A95214E638C500A4098D /* TiltRoundInfoViewController.m in Sources */ = {isa = PBXBuildFile; fileRef = 8CF4A95114E638C500A4098D /* TiltRoundInfoViewController.m */; };
		CF6620E014E635F700FF7278 /* libRestKit.a in Frameworks */ = {isa = PBXBuildFile; fileRef = CF6620D614E6354C00FF7278 /* libRestKit.a */; };
		CF6620E514E6381A00FF7278 /* SenTestingKit.framework in Frameworks */ = {isa = PBXBuildFile; fileRef = CF6620E414E6381A00FF7278 /* SenTestingKit.framework */; };
		CF6620F814E63A7400FF7278 /* Security.framework in Frameworks */ = {isa = PBXBuildFile; fileRef = 8C93642914D5A694004862E0 /* Security.framework */; };
/* End PBXBuildFile section */

/* Begin PBXContainerItemProxy section */
		CF6620D514E6354C00FF7278 /* PBXContainerItemProxy */ = {
			isa = PBXContainerItemProxy;
			containerPortal = CF6620CB14E6354C00FF7278 /* RestKit.xcodeproj */;
			proxyType = 2;
			remoteGlobalIDString = 25160D1614564E810060A5C5;
			remoteInfo = RestKit;
		};
		CF6620D714E6354C00FF7278 /* PBXContainerItemProxy */ = {
			isa = PBXContainerItemProxy;
			containerPortal = CF6620CB14E6354C00FF7278 /* RestKit.xcodeproj */;
			proxyType = 2;
			remoteGlobalIDString = 25160D2614564E820060A5C5;
			remoteInfo = RestKitTests;
		};
		CF6620D914E6354C00FF7278 /* PBXContainerItemProxy */ = {
			isa = PBXContainerItemProxy;
			containerPortal = CF6620CB14E6354C00FF7278 /* RestKit.xcodeproj */;
			proxyType = 2;
			remoteGlobalIDString = 25160E62145651060060A5C5;
			remoteInfo = RestKitFramework;
		};
		CF6620DB14E6354C00FF7278 /* PBXContainerItemProxy */ = {
			isa = PBXContainerItemProxy;
			containerPortal = CF6620CB14E6354C00FF7278 /* RestKit.xcodeproj */;
			proxyType = 2;
			remoteGlobalIDString = 25160E78145651060060A5C5;
			remoteInfo = RestKitFrameworkTests;
		};
		CF6620F614E6387D00FF7278 /* PBXContainerItemProxy */ = {
			isa = PBXContainerItemProxy;
			containerPortal = CF6620CB14E6354C00FF7278 /* RestKit.xcodeproj */;
			proxyType = 1;
			remoteGlobalIDString = 25160D1514564E810060A5C5;
			remoteInfo = RestKit;
		};
/* End PBXContainerItemProxy section */

/* Begin PBXFileReference section */
		8C0BD6BD14DC91F8007BE30D /* TiltUser.h */ = {isa = PBXFileReference; fileEncoding = 4; lastKnownFileType = sourcecode.c.h; path = TiltUser.h; sourceTree = "<group>"; };
		8C0BD6BE14DC91F8007BE30D /* TiltUser.m */ = {isa = PBXFileReference; fileEncoding = 4; lastKnownFileType = sourcecode.c.objc; path = TiltUser.m; sourceTree = "<group>"; };
		8C11279C14E36843008BAC1C /* TiltTeamInvestment.h */ = {isa = PBXFileReference; fileEncoding = 4; lastKnownFileType = sourcecode.c.h; path = TiltTeamInvestment.h; sourceTree = "<group>"; };
		8C11279D14E36843008BAC1C /* TiltTeamInvestment.m */ = {isa = PBXFileReference; fileEncoding = 4; lastKnownFileType = sourcecode.c.objc; path = TiltTeamInvestment.m; sourceTree = "<group>"; };
		8C852D4414E32EA200A0CDC9 /* TiltInvestmentService.h */ = {isa = PBXFileReference; fileEncoding = 4; lastKnownFileType = sourcecode.c.h; path = TiltInvestmentService.h; sourceTree = "<group>"; };
		8C852D4514E32EA200A0CDC9 /* TiltInvestmentService.m */ = {isa = PBXFileReference; fileEncoding = 4; lastKnownFileType = sourcecode.c.objc; path = TiltInvestmentService.m; sourceTree = "<group>"; };
		8C9363C314D47A81004862E0 /* tilt-ios.app */ = {isa = PBXFileReference; explicitFileType = wrapper.application; includeInIndex = 0; path = "tilt-ios.app"; sourceTree = BUILT_PRODUCTS_DIR; };
		8C9363C714D47A81004862E0 /* UIKit.framework */ = {isa = PBXFileReference; lastKnownFileType = wrapper.framework; name = UIKit.framework; path = System/Library/Frameworks/UIKit.framework; sourceTree = SDKROOT; };
		8C9363C914D47A81004862E0 /* Foundation.framework */ = {isa = PBXFileReference; lastKnownFileType = wrapper.framework; name = Foundation.framework; path = System/Library/Frameworks/Foundation.framework; sourceTree = SDKROOT; };
		8C9363CB14D47A81004862E0 /* CoreGraphics.framework */ = {isa = PBXFileReference; lastKnownFileType = wrapper.framework; name = CoreGraphics.framework; path = System/Library/Frameworks/CoreGraphics.framework; sourceTree = SDKROOT; };
		8C9363CF14D47A81004862E0 /* tilt-ios-Info.plist */ = {isa = PBXFileReference; lastKnownFileType = text.plist.xml; path = "tilt-ios-Info.plist"; sourceTree = "<group>"; };
		8C9363D114D47A81004862E0 /* en */ = {isa = PBXFileReference; lastKnownFileType = text.plist.strings; name = en; path = en.lproj/InfoPlist.strings; sourceTree = "<group>"; };
		8C9363D314D47A81004862E0 /* main.m */ = {isa = PBXFileReference; lastKnownFileType = sourcecode.c.objc; path = main.m; sourceTree = "<group>"; };
		8C9363D514D47A81004862E0 /* tilt-ios-Prefix.pch */ = {isa = PBXFileReference; lastKnownFileType = sourcecode.c.h; path = "tilt-ios-Prefix.pch"; sourceTree = "<group>"; };
		8C9363D614D47A81004862E0 /* TiltInvestorAppDelegate.h */ = {isa = PBXFileReference; lastKnownFileType = sourcecode.c.h; path = TiltInvestorAppDelegate.h; sourceTree = "<group>"; };
		8C9363D714D47A81004862E0 /* TiltInvestorAppDelegate.m */ = {isa = PBXFileReference; lastKnownFileType = sourcecode.c.objc; path = TiltInvestorAppDelegate.m; sourceTree = "<group>"; };
		8C9363DA14D47A81004862E0 /* en */ = {isa = PBXFileReference; lastKnownFileType = file.storyboard; name = en; path = en.lproj/MainStoryboard_iPhone.storyboard; sourceTree = "<group>"; };
		8C9363DD14D47A81004862E0 /* en */ = {isa = PBXFileReference; lastKnownFileType = file.storyboard; name = en; path = en.lproj/MainStoryboard_iPad.storyboard; sourceTree = "<group>"; };
		8C9363DF14D47A81004862E0 /* TiltLoginViewController.h */ = {isa = PBXFileReference; lastKnownFileType = sourcecode.c.h; path = TiltLoginViewController.h; sourceTree = "<group>"; };
		8C9363E014D47A81004862E0 /* TiltLoginViewController.m */ = {isa = PBXFileReference; lastKnownFileType = sourcecode.c.objc; path = TiltLoginViewController.m; sourceTree = "<group>"; };
		8C9363ED14D4868E004862E0 /* TiltTeamInvestmentsViewController.h */ = {isa = PBXFileReference; fileEncoding = 4; lastKnownFileType = sourcecode.c.h; path = TiltTeamInvestmentsViewController.h; sourceTree = "<group>"; };
		8C9363EE14D4868E004862E0 /* TiltTeamInvestmentsViewController.m */ = {isa = PBXFileReference; fileEncoding = 4; lastKnownFileType = sourcecode.c.objc; path = TiltTeamInvestmentsViewController.m; sourceTree = "<group>"; };
		8C9363F014D48C29004862E0 /* TIInvestmentTeam.h */ = {isa = PBXFileReference; fileEncoding = 4; lastKnownFileType = sourcecode.c.h; path = TIInvestmentTeam.h; sourceTree = "<group>"; };
		8C9363F114D48C29004862E0 /* TIInvestmentTeam.m */ = {isa = PBXFileReference; fileEncoding = 4; lastKnownFileType = sourcecode.c.objc; path = TIInvestmentTeam.m; sourceTree = "<group>"; };
		8C9363FB14D59638004862E0 /* TIInvestmentsFinalizedViewController.h */ = {isa = PBXFileReference; fileEncoding = 4; lastKnownFileType = sourcecode.c.h; path = TIInvestmentsFinalizedViewController.h; sourceTree = "<group>"; };
		8C9363FC14D59638004862E0 /* TIInvestmentsFinalizedViewController.m */ = {isa = PBXFileReference; fileEncoding = 4; lastKnownFileType = sourcecode.c.objc; path = TIInvestmentsFinalizedViewController.m; sourceTree = "<group>"; };
		8C9363FE14D59651004862E0 /* TIInvesmentsFailedViewController.h */ = {isa = PBXFileReference; fileEncoding = 4; lastKnownFileType = sourcecode.c.h; path = TIInvesmentsFailedViewController.h; sourceTree = "<group>"; };
		8C9363FF14D59651004862E0 /* TIInvesmentsFailedViewController.m */ = {isa = PBXFileReference; fileEncoding = 4; lastKnownFileType = sourcecode.c.objc; path = TIInvesmentsFailedViewController.m; sourceTree = "<group>"; };
		8C93642514D5A694004862E0 /* CFNetwork.framework */ = {isa = PBXFileReference; lastKnownFileType = wrapper.framework; name = CFNetwork.framework; path = System/Library/Frameworks/CFNetwork.framework; sourceTree = SDKROOT; };
		8C93642614D5A694004862E0 /* CoreData.framework */ = {isa = PBXFileReference; lastKnownFileType = wrapper.framework; name = CoreData.framework; path = System/Library/Frameworks/CoreData.framework; sourceTree = SDKROOT; };
		8C93642714D5A694004862E0 /* libxml2.dylib */ = {isa = PBXFileReference; lastKnownFileType = "compiled.mach-o.dylib"; name = libxml2.dylib; path = usr/lib/libxml2.dylib; sourceTree = SDKROOT; };
		8C93642814D5A694004862E0 /* MobileCoreServices.framework */ = {isa = PBXFileReference; lastKnownFileType = wrapper.framework; name = MobileCoreServices.framework; path = System/Library/Frameworks/MobileCoreServices.framework; sourceTree = SDKROOT; };
		8C93642914D5A694004862E0 /* Security.framework */ = {isa = PBXFileReference; lastKnownFileType = wrapper.framework; name = Security.framework; path = System/Library/Frameworks/Security.framework; sourceTree = SDKROOT; };
		8C93642A14D5A694004862E0 /* SystemConfiguration.framework */ = {isa = PBXFileReference; lastKnownFileType = wrapper.framework; name = SystemConfiguration.framework; path = System/Library/Frameworks/SystemConfiguration.framework; sourceTree = SDKROOT; };
		8CE5BB8A14DDDDE900013A9A /* TiltInvestment.h */ = {isa = PBXFileReference; fileEncoding = 4; lastKnownFileType = sourcecode.c.h; path = TiltInvestment.h; sourceTree = "<group>"; };
		8CE5BB8B14DDDDE900013A9A /* TiltInvestment.m */ = {isa = PBXFileReference; fileEncoding = 4; lastKnownFileType = sourcecode.c.objc; path = TiltInvestment.m; sourceTree = "<group>"; };
		8CF4A94D14E6377000A4098D /* TiltRound.h */ = {isa = PBXFileReference; fileEncoding = 4; lastKnownFileType = sourcecode.c.h; path = TiltRound.h; sourceTree = "<group>"; };
		8CF4A94E14E6377000A4098D /* TiltRound.m */ = {isa = PBXFileReference; fileEncoding = 4; lastKnownFileType = sourcecode.c.objc; path = TiltRound.m; sourceTree = "<group>"; };
		8CF4A95014E638C500A4098D /* TiltRoundInfoViewController.h */ = {isa = PBXFileReference; fileEncoding = 4; lastKnownFileType = sourcecode.c.h; path = TiltRoundInfoViewController.h; sourceTree = "<group>"; };
		8CF4A95114E638C500A4098D /* TiltRoundInfoViewController.m */ = {isa = PBXFileReference; fileEncoding = 4; lastKnownFileType = sourcecode.c.objc; path = TiltRoundInfoViewController.m; sourceTree = "<group>"; };
		CF6620CB14E6354C00FF7278 /* RestKit.xcodeproj */ = {isa = PBXFileReference; lastKnownFileType = "wrapper.pb-project"; name = RestKit.xcodeproj; path = ../RestKit/RestKit.xcodeproj; sourceTree = "<group>"; };
		CF6620E414E6381A00FF7278 /* SenTestingKit.framework */ = {isa = PBXFileReference; lastKnownFileType = wrapper.framework; name = SenTestingKit.framework; path = Library/Frameworks/SenTestingKit.framework; sourceTree = DEVELOPER_DIR; };
/* End PBXFileReference section */

/* Begin PBXFrameworksBuildPhase section */
		8C9363C014D47A81004862E0 /* Frameworks */ = {
			isa = PBXFrameworksBuildPhase;
			buildActionMask = 2147483647;
			files = (
				CF6620F814E63A7400FF7278 /* Security.framework in Frameworks */,
				CF6620E514E6381A00FF7278 /* SenTestingKit.framework in Frameworks */,
				CF6620E014E635F700FF7278 /* libRestKit.a in Frameworks */,
				8C93642B14D5A694004862E0 /* CFNetwork.framework in Frameworks */,
				8C93642C14D5A694004862E0 /* CoreData.framework in Frameworks */,
				8C93642D14D5A694004862E0 /* libxml2.dylib in Frameworks */,
				8C93642E14D5A694004862E0 /* MobileCoreServices.framework in Frameworks */,
				8C93643014D5A694004862E0 /* SystemConfiguration.framework in Frameworks */,
				8C9363C814D47A81004862E0 /* UIKit.framework in Frameworks */,
				8C9363CA14D47A81004862E0 /* Foundation.framework in Frameworks */,
				8C9363CC14D47A81004862E0 /* CoreGraphics.framework in Frameworks */,
			);
			runOnlyForDeploymentPostprocessing = 0;
		};
/* End PBXFrameworksBuildPhase section */

/* Begin PBXGroup section */
		8C852D4314E32E7A00A0CDC9 /* service */ = {
			isa = PBXGroup;
			children = (
				8C852D4414E32EA200A0CDC9 /* TiltInvestmentService.h */,
				8C852D4514E32EA200A0CDC9 /* TiltInvestmentService.m */,
			);
			name = service;
			sourceTree = "<group>";
		};
		8C9363B814D47A81004862E0 = {
			isa = PBXGroup;
			children = (
				CF6620CB14E6354C00FF7278 /* RestKit.xcodeproj */,
				8C9363CD14D47A81004862E0 /* tilt-ios */,
				8C9363C614D47A81004862E0 /* Frameworks */,
				8C9363C414D47A81004862E0 /* Products */,
			);
			sourceTree = "<group>";
		};
		8C9363C414D47A81004862E0 /* Products */ = {
			isa = PBXGroup;
			children = (
				8C9363C314D47A81004862E0 /* tilt-ios.app */,
			);
			name = Products;
			sourceTree = "<group>";
		};
		8C9363C614D47A81004862E0 /* Frameworks */ = {
			isa = PBXGroup;
			children = (
				CF6620E414E6381A00FF7278 /* SenTestingKit.framework */,
				8C93642514D5A694004862E0 /* CFNetwork.framework */,
				8C93642614D5A694004862E0 /* CoreData.framework */,
				8C93642714D5A694004862E0 /* libxml2.dylib */,
				8C93642814D5A694004862E0 /* MobileCoreServices.framework */,
				8C93642914D5A694004862E0 /* Security.framework */,
				8C93642A14D5A694004862E0 /* SystemConfiguration.framework */,
				8C9363C714D47A81004862E0 /* UIKit.framework */,
				8C9363C914D47A81004862E0 /* Foundation.framework */,
				8C9363CB14D47A81004862E0 /* CoreGraphics.framework */,
			);
			name = Frameworks;
			sourceTree = "<group>";
		};
		8C9363CD14D47A81004862E0 /* tilt-ios */ = {
			isa = PBXGroup;
			children = (
				8C852D4314E32E7A00A0CDC9 /* service */,
				8C93643114D5E54D004862E0 /* model */,
				8C9363FE14D59651004862E0 /* TIInvesmentsFailedViewController.h */,
				8C9363FF14D59651004862E0 /* TIInvesmentsFailedViewController.m */,
				8C9363D614D47A81004862E0 /* TiltInvestorAppDelegate.h */,
				8C9363D714D47A81004862E0 /* TiltInvestorAppDelegate.m */,
				8C9363D914D47A81004862E0 /* MainStoryboard_iPhone.storyboard */,
				8C9363DC14D47A81004862E0 /* MainStoryboard_iPad.storyboard */,
				8C9363DF14D47A81004862E0 /* TiltLoginViewController.h */,
				8C9363E014D47A81004862E0 /* TiltLoginViewController.m */,
				8C9363CE14D47A81004862E0 /* Supporting Files */,
				8C9363ED14D4868E004862E0 /* TiltTeamInvestmentsViewController.h */,
				8C9363EE14D4868E004862E0 /* TiltTeamInvestmentsViewController.m */,
				8C9363FB14D59638004862E0 /* TIInvestmentsFinalizedViewController.h */,
				8C9363FC14D59638004862E0 /* TIInvestmentsFinalizedViewController.m */,
				8CF4A95014E638C500A4098D /* TiltRoundInfoViewController.h */,
				8CF4A95114E638C500A4098D /* TiltRoundInfoViewController.m */,
			);
			path = "tilt-ios";
			sourceTree = "<group>";
		};
		8C9363CE14D47A81004862E0 /* Supporting Files */ = {
			isa = PBXGroup;
			children = (
				8C9363CF14D47A81004862E0 /* tilt-ios-Info.plist */,
				8C9363D014D47A81004862E0 /* InfoPlist.strings */,
				8C9363D314D47A81004862E0 /* main.m */,
				8C9363D514D47A81004862E0 /* tilt-ios-Prefix.pch */,
			);
			name = "Supporting Files";
			sourceTree = "<group>";
		};
		8C93643114D5E54D004862E0 /* model */ = {
			isa = PBXGroup;
			children = (
				8C9363F014D48C29004862E0 /* TIInvestmentTeam.h */,
				8C9363F114D48C29004862E0 /* TIInvestmentTeam.m */,
				8C0BD6BD14DC91F8007BE30D /* TiltUser.h */,
				8C0BD6BE14DC91F8007BE30D /* TiltUser.m */,
				8CE5BB8A14DDDDE900013A9A /* TiltInvestment.h */,
				8CE5BB8B14DDDDE900013A9A /* TiltInvestment.m */,
				8C11279C14E36843008BAC1C /* TiltTeamInvestment.h */,
				8C11279D14E36843008BAC1C /* TiltTeamInvestment.m */,
				8CF4A94D14E6377000A4098D /* TiltRound.h */,
				8CF4A94E14E6377000A4098D /* TiltRound.m */,
			);
			name = model;
			sourceTree = "<group>";
		};
		CF6620CC14E6354C00FF7278 /* Products */ = {
			isa = PBXGroup;
			children = (
				CF6620D614E6354C00FF7278 /* libRestKit.a */,
				CF6620D814E6354C00FF7278 /* RestKitTests.octest */,
				CF6620DA14E6354C00FF7278 /* RestKit.framework */,
				CF6620DC14E6354C00FF7278 /* RestKitFrameworkTests.octest */,
			);
			name = Products;
			sourceTree = "<group>";
		};
/* End PBXGroup section */

/* Begin PBXNativeTarget section */
		8C9363C214D47A81004862E0 /* tilt-ios */ = {
			isa = PBXNativeTarget;
			buildConfigurationList = 8C9363E414D47A81004862E0 /* Build configuration list for PBXNativeTarget "tilt-ios" */;
			buildPhases = (
				8C9363BF14D47A81004862E0 /* Sources */,
				8C9363C014D47A81004862E0 /* Frameworks */,
				8C9363C114D47A81004862E0 /* Resources */,
			);
			buildRules = (
			);
			dependencies = (
				CF6620F714E6387D00FF7278 /* PBXTargetDependency */,
			);
			name = "tilt-ios";
			productName = "tilt-ios";
			productReference = 8C9363C314D47A81004862E0 /* tilt-ios.app */;
			productType = "com.apple.product-type.application";
		};
/* End PBXNativeTarget section */

/* Begin PBXProject section */
		8C9363BA14D47A81004862E0 /* Project object */ = {
			isa = PBXProject;
			attributes = {
				LastUpgradeCheck = 0420;
				ORGANIZATIONNAME = Neosavvy;
			};
			buildConfigurationList = 8C9363BD14D47A81004862E0 /* Build configuration list for PBXProject "tilt-ios" */;
			compatibilityVersion = "Xcode 3.2";
			developmentRegion = English;
			hasScannedForEncodings = 0;
			knownRegions = (
				en,
			);
			mainGroup = 8C9363B814D47A81004862E0;
			productRefGroup = 8C9363C414D47A81004862E0 /* Products */;
			projectDirPath = "";
			projectReferences = (
				{
					ProductGroup = CF6620CC14E6354C00FF7278 /* Products */;
					ProjectRef = CF6620CB14E6354C00FF7278 /* RestKit.xcodeproj */;
				},
			);
			projectRoot = "";
			targets = (
				8C9363C214D47A81004862E0 /* tilt-ios */,
			);
		};
/* End PBXProject section */

/* Begin PBXReferenceProxy section */
		CF6620D614E6354C00FF7278 /* libRestKit.a */ = {
			isa = PBXReferenceProxy;
			fileType = archive.ar;
			path = libRestKit.a;
			remoteRef = CF6620D514E6354C00FF7278 /* PBXContainerItemProxy */;
			sourceTree = BUILT_PRODUCTS_DIR;
		};
		CF6620D814E6354C00FF7278 /* RestKitTests.octest */ = {
			isa = PBXReferenceProxy;
			fileType = wrapper.cfbundle;
			path = RestKitTests.octest;
			remoteRef = CF6620D714E6354C00FF7278 /* PBXContainerItemProxy */;
			sourceTree = BUILT_PRODUCTS_DIR;
		};
		CF6620DA14E6354C00FF7278 /* RestKit.framework */ = {
			isa = PBXReferenceProxy;
			fileType = wrapper.framework;
			path = RestKit.framework;
			remoteRef = CF6620D914E6354C00FF7278 /* PBXContainerItemProxy */;
			sourceTree = BUILT_PRODUCTS_DIR;
		};
		CF6620DC14E6354C00FF7278 /* RestKitFrameworkTests.octest */ = {
			isa = PBXReferenceProxy;
			fileType = wrapper.cfbundle;
			path = RestKitFrameworkTests.octest;
			remoteRef = CF6620DB14E6354C00FF7278 /* PBXContainerItemProxy */;
			sourceTree = BUILT_PRODUCTS_DIR;
		};
/* End PBXReferenceProxy section */

/* Begin PBXResourcesBuildPhase section */
		8C9363C114D47A81004862E0 /* Resources */ = {
			isa = PBXResourcesBuildPhase;
			buildActionMask = 2147483647;
			files = (
				8C9363D214D47A81004862E0 /* InfoPlist.strings in Resources */,
				8C9363DB14D47A81004862E0 /* MainStoryboard_iPhone.storyboard in Resources */,
				8C9363DE14D47A81004862E0 /* MainStoryboard_iPad.storyboard in Resources */,
			);
			runOnlyForDeploymentPostprocessing = 0;
		};
/* End PBXResourcesBuildPhase section */

/* Begin PBXSourcesBuildPhase section */
		8C9363BF14D47A81004862E0 /* Sources */ = {
			isa = PBXSourcesBuildPhase;
			buildActionMask = 2147483647;
			files = (
				8C9363D414D47A81004862E0 /* main.m in Sources */,
				8C9363D814D47A81004862E0 /* TiltInvestorAppDelegate.m in Sources */,
				8C9363E114D47A81004862E0 /* TiltLoginViewController.m in Sources */,
				8C9363EF14D4868E004862E0 /* TiltTeamInvestmentsViewController.m in Sources */,
				8C9363F214D48C29004862E0 /* TIInvestmentTeam.m in Sources */,
				8C9363FD14D59638004862E0 /* TIInvestmentsFinalizedViewController.m in Sources */,
				8C93640014D59651004862E0 /* TIInvesmentsFailedViewController.m in Sources */,
				8C0BD6BF14DC91F8007BE30D /* TiltUser.m in Sources */,
				8CE5BB8C14DDDDE900013A9A /* TiltInvestment.m in Sources */,
				8C852D4614E32EA200A0CDC9 /* TiltInvestmentService.m in Sources */,
				8C11279E14E36843008BAC1C /* TiltTeamInvestment.m in Sources */,
				8CF4A94F14E6377000A4098D /* TiltRound.m in Sources */,
				8CF4A95214E638C500A4098D /* TiltRoundInfoViewController.m in Sources */,
			);
			runOnlyForDeploymentPostprocessing = 0;
		};
/* End PBXSourcesBuildPhase section */

/* Begin PBXTargetDependency section */
		CF6620F714E6387D00FF7278 /* PBXTargetDependency */ = {
			isa = PBXTargetDependency;
			name = RestKit;
			targetProxy = CF6620F614E6387D00FF7278 /* PBXContainerItemProxy */;
		};
/* End PBXTargetDependency section */

/* Begin PBXVariantGroup section */
		8C9363D014D47A81004862E0 /* InfoPlist.strings */ = {
			isa = PBXVariantGroup;
			children = (
				8C9363D114D47A81004862E0 /* en */,
			);
			name = InfoPlist.strings;
			sourceTree = "<group>";
		};
		8C9363D914D47A81004862E0 /* MainStoryboard_iPhone.storyboard */ = {
			isa = PBXVariantGroup;
			children = (
				8C9363DA14D47A81004862E0 /* en */,
			);
			name = MainStoryboard_iPhone.storyboard;
			sourceTree = "<group>";
		};
		8C9363DC14D47A81004862E0 /* MainStoryboard_iPad.storyboard */ = {
			isa = PBXVariantGroup;
			children = (
				8C9363DD14D47A81004862E0 /* en */,
			);
			name = MainStoryboard_iPad.storyboard;
			sourceTree = "<group>";
		};
/* End PBXVariantGroup section */

/* Begin XCBuildConfiguration section */
		8C9363E214D47A81004862E0 /* Debug */ = {
			isa = XCBuildConfiguration;
			buildSettings = {
				ALWAYS_SEARCH_USER_PATHS = NO;
				ARCHS = "$(ARCHS_STANDARD_32_BIT)";
				CLANG_ENABLE_OBJC_ARC = YES;
				"CODE_SIGN_IDENTITY[sdk=iphoneos*]" = "iPhone Developer";
				COPY_PHASE_STRIP = NO;
				GCC_C_LANGUAGE_STANDARD = gnu99;
				GCC_DYNAMIC_NO_PIC = NO;
				GCC_OPTIMIZATION_LEVEL = 0;
				GCC_PREPROCESSOR_DEFINITIONS = (
					"DEBUG=1",
					"$(inherited)",
				);
				GCC_SYMBOLS_PRIVATE_EXTERN = NO;
				GCC_VERSION = com.apple.compilers.llvm.clang.1_0;
				GCC_WARN_ABOUT_MISSING_PROTOTYPES = YES;
				GCC_WARN_ABOUT_RETURN_TYPE = YES;
				GCC_WARN_UNUSED_VARIABLE = YES;
				IPHONEOS_DEPLOYMENT_TARGET = 5.0;
				SDKROOT = iphoneos;
				TARGETED_DEVICE_FAMILY = "1,2";
			};
			name = Debug;
		};
		8C9363E314D47A81004862E0 /* Release */ = {
			isa = XCBuildConfiguration;
			buildSettings = {
				ALWAYS_SEARCH_USER_PATHS = NO;
				ARCHS = "$(ARCHS_STANDARD_32_BIT)";
				CLANG_ENABLE_OBJC_ARC = YES;
				"CODE_SIGN_IDENTITY[sdk=iphoneos*]" = "iPhone Developer";
				COPY_PHASE_STRIP = YES;
				GCC_C_LANGUAGE_STANDARD = gnu99;
				GCC_VERSION = com.apple.compilers.llvm.clang.1_0;
				GCC_WARN_ABOUT_MISSING_PROTOTYPES = YES;
				GCC_WARN_ABOUT_RETURN_TYPE = YES;
				GCC_WARN_UNUSED_VARIABLE = YES;
				IPHONEOS_DEPLOYMENT_TARGET = 5.0;
				OTHER_CFLAGS = "-DNS_BLOCK_ASSERTIONS=1";
				SDKROOT = iphoneos;
				TARGETED_DEVICE_FAMILY = "1,2";
				VALIDATE_PRODUCT = YES;
			};
			name = Release;
		};
		8C9363E514D47A81004862E0 /* Debug */ = {
			isa = XCBuildConfiguration;
			buildSettings = {
				CODE_SIGN_IDENTITY = "iPhone Developer: Christopher Luu (D47P6JV65M)";
				"CODE_SIGN_IDENTITY[sdk=iphoneos*]" = "iPhone Developer: Christopher Luu (D47P6JV65M)";
				FRAMEWORK_SEARCH_PATHS = (
					"$(inherited)",
					"\"$(DEVELOPER_FRAMEWORKS_DIR)\"",
				);
				GCC_PRECOMPILE_PREFIX_HEADER = YES;
				GCC_PREFIX_HEADER = "tilt-ios/tilt-ios-Prefix.pch";
				HEADER_SEARCH_PATHS = "\"$(SOURCE_ROOT)/RestKit/Build\"";
				INFOPLIST_FILE = "tilt-ios/tilt-ios-Info.plist";
				OTHER_LDFLAGS = (
					"-ObjC",
					"-all_load",
				);
				PRODUCT_NAME = "$(TARGET_NAME)";
				PROVISIONING_PROFILE = "86430AA4-9777-4570-AFC8-90CB359CB2EB";
				"PROVISIONING_PROFILE[sdk=iphoneos*]" = "86430AA4-9777-4570-AFC8-90CB359CB2EB";
				SDKROOT = iphoneos;
				WRAPPER_EXTENSION = app;
			};
			name = Debug;
		};
		8C9363E614D47A81004862E0 /* Release */ = {
			isa = XCBuildConfiguration;
			buildSettings = {
				CODE_SIGN_IDENTITY = "iPhone Developer: Christopher Luu (D47P6JV65M)";
				FRAMEWORK_SEARCH_PATHS = (
					"$(inherited)",
					"\"$(DEVELOPER_FRAMEWORKS_DIR)\"",
				);
				GCC_PRECOMPILE_PREFIX_HEADER = YES;
				GCC_PREFIX_HEADER = "tilt-ios/tilt-ios-Prefix.pch";
				HEADER_SEARCH_PATHS = "\"$(SOURCE_ROOT)/RestKit/Build\"";
				INFOPLIST_FILE = "tilt-ios/tilt-ios-Info.plist";
				OTHER_LDFLAGS = (
					"-ObjC",
					"-all_load",
				);
				PRODUCT_NAME = "$(TARGET_NAME)";
				PROVISIONING_PROFILE = "86430AA4-9777-4570-AFC8-90CB359CB2EB";
				SDKROOT = iphoneos;
				WRAPPER_EXTENSION = app;
			};
			name = Release;
		};
/* End XCBuildConfiguration section */

/* Begin XCConfigurationList section */
		8C9363BD14D47A81004862E0 /* Build configuration list for PBXProject "tilt-ios" */ = {
			isa = XCConfigurationList;
			buildConfigurations = (
				8C9363E214D47A81004862E0 /* Debug */,
				8C9363E314D47A81004862E0 /* Release */,
			);
			defaultConfigurationIsVisible = 0;
			defaultConfigurationName = Release;
		};
		8C9363E414D47A81004862E0 /* Build configuration list for PBXNativeTarget "tilt-ios" */ = {
			isa = XCConfigurationList;
			buildConfigurations = (
				8C9363E514D47A81004862E0 /* Debug */,
				8C9363E614D47A81004862E0 /* Release */,
			);
			defaultConfigurationIsVisible = 0;
			defaultConfigurationName = Release;
		};
/* End XCConfigurationList section */
	};
	rootObject = 8C9363BA14D47A81004862E0 /* Project object */;
}
